PODS:
  - Flutter (1.0.0)
  - radio_group_v2 (0.0.1):
    - Flutter

DEPENDENCIES:
  - Flutter (from `Flutter`)
  - radio_group_v2 (from `.symlinks/plugins/radio_group_v2/ios`)

EXTERNAL SOURCES:
  Flutter:
    :path: Flutter
  radio_group_v2:
    :path: ".symlinks/plugins/radio_group_v2/ios"

SPEC CHECKSUMS:
  Flutter: f04841e97a9d0b0a8025694d0796dd46242b2854
  radio_group_v2: 5717ae8a46712014a7d99669c0c11387aff9f964

PODFILE CHECKSUM: 70d9d25280d0dd177a5f637cdb0f0b0b12c6a189

COCOAPODS: 1.14.2
